
Microsoft Visual Studio Solution File, Format Version 12.00
# Visual Studio Version 17
VisualStudioVersion = 17.5.2.0
MinimumVisualStudioVersion = 10.0.40219.1
Project("{2150E333-8FDC-42A3-9474-1A3956D46DE8}") = "labs", "labs", "{908A2AE8-7277-8D33-5900-B70622523C2F}"
EndProject
Project("{2150E333-8FDC-42A3-9474-1A3956D46DE8}") = "lab01", "lab01", "{BEBC1BA8-D9F1-2B8E-B54D-A19055B3D222}"
EndProject
Project("{2150E333-8FDC-42A3-9474-1A3956D46DE8}") = "part04-complete", "part04-complete", "{98EF7F16-940E-33DF-3E5D-A070C799CE45}"
EndProject
Project("{FAE04EC0-301F-11D3-BF4B-00C04F79EFBC}") = "CompanyApi", "labs\lab01\part04-complete\CompanyApi\CompanyApi.csproj", "{7D029EDB-D383-644D-83E4-7D03FFF1F1CC}"
EndProject
Project("{2150E333-8FDC-42A3-9474-1A3956D46DE8}") = "part05-complete", "part05-complete", "{DB1C8CEF-E939-CAF9-5334-D7716AF1105A}"
EndProject
Project("{FAE04EC0-301F-11D3-BF4B-00C04F79EFBC}") = "CompanyApi", "labs\lab01\part05-complete\CompanyApi\CompanyApi.csproj", "{67F3E366-C7FF-4411-FFA9-6DC8A4533F53}"
EndProject
Project("{2150E333-8FDC-42A3-9474-1A3956D46DE8}") = "part06-complete", "part06-complete", "{8B80898E-D10F-03C4-EF96-811716E7276D}"
EndProject
Project("{FAE04EC0-301F-11D3-BF4B-00C04F79EFBC}") = "CompanyApi", "labs\lab01\part06-complete\CompanyApi\CompanyApi.csproj", "{067403DD-B16D-5474-3B38-501FEC32D492}"
EndProject
Project("{2150E333-8FDC-42A3-9474-1A3956D46DE8}") = "part07-complete", "part07-complete", "{E2780F8E-A4B3-2211-64F6-2F92064A2F8E}"
EndProject
Project("{FAE04EC0-301F-11D3-BF4B-00C04F79EFBC}") = "CompanyApi", "labs\lab01\part07-complete\CompanyApi\CompanyApi.csproj", "{08A410D4-F359-D80D-13E1-C10CF40EAFFA}"
EndProject
Project("{2150E333-8FDC-42A3-9474-1A3956D46DE8}") = "start", "start", "{8EFD59B7-3300-8CF2-A9C3-9020633666E7}"
EndProject
Project("{FAE04EC0-301F-11D3-BF4B-00C04F79EFBC}") = "CompanyApi", "labs\lab01\start\CompanyApi\CompanyApi.csproj", "{4F528B13-F7AB-6A72-C192-C31755DC3E21}"
EndProject
Project("{2150E333-8FDC-42A3-9474-1A3956D46DE8}") = "lab02", "lab02", "{66646FAD-78DA-4483-B069-C6B8A77B1D25}"
EndProject
Project("{2150E333-8FDC-42A3-9474-1A3956D46DE8}") = "start", "start", "{A2DBCBD5-F9C3-B35F-569D-F050756354A5}"
EndProject
Project("{FAE04EC0-301F-11D3-BF4B-00C04F79EFBC}") = "CompanyApi", "labs\lab02\start\CompanyApi\CompanyApi.csproj", "{175436D1-A695-5194-B956-A6CE175BBB6B}"
EndProject
Project("{2150E333-8FDC-42A3-9474-1A3956D46DE8}") = "step01-complete", "step01-complete", "{200536F1-8137-C55F-CE2D-77CE850A9BD9}"
EndProject
Project("{FAE04EC0-301F-11D3-BF4B-00C04F79EFBC}") = "CompanyApi", "labs\lab02\step01-complete\CompanyApi\CompanyApi.csproj", "{B585ABA3-CF7D-CC91-A8EA-9E7B15380C07}"
EndProject
Project("{2150E333-8FDC-42A3-9474-1A3956D46DE8}") = "step02-complete", "step02-complete", "{5DACF7DE-C827-2E2D-69E4-93B56878DA17}"
EndProject
Project("{FAE04EC0-301F-11D3-BF4B-00C04F79EFBC}") = "CompanyApi", "labs\lab02\step02-complete\CompanyApi\CompanyApi.csproj", "{A22983C8-691D-7C4C-2DC8-1E176E4E5FF1}"
EndProject
Project("{2150E333-8FDC-42A3-9474-1A3956D46DE8}") = "step03-complete", "step03-complete", "{A7E5DBE4-1CE3-E4A3-86E8-19BEEDDEB05C}"
EndProject
Project("{FAE04EC0-301F-11D3-BF4B-00C04F79EFBC}") = "CompanyApi", "labs\lab02\step03-complete\CompanyApi\CompanyApi.csproj", "{6FF13B43-7162-921D-8EE5-4FC33A209927}"
EndProject
Project("{2150E333-8FDC-42A3-9474-1A3956D46DE8}") = "step04-complete", "step04-complete", "{936BD26A-4F85-55A3-D6CE-CA8F246A2B0A}"
EndProject
Project("{FAE04EC0-301F-11D3-BF4B-00C04F79EFBC}") = "CompanyApi", "labs\lab02\step04-complete\CompanyApi\CompanyApi.csproj", "{7264E73C-54DB-A908-97B4-FF09E32E37A5}"
EndProject
Project("{2150E333-8FDC-42A3-9474-1A3956D46DE8}") = "step05-complete", "step05-complete", "{959BE730-1905-CB00-1BAC-E446929E867F}"
EndProject
Project("{FAE04EC0-301F-11D3-BF4B-00C04F79EFBC}") = "CompanyApi", "labs\lab02\step05-complete\CompanyApi\CompanyApi.csproj", "{1B39E1AC-1DC2-12AF-F22B-44FDB6DACEF7}"
EndProject
Project("{2150E333-8FDC-42A3-9474-1A3956D46DE8}") = "step06-complete", "step06-complete", "{400AA5DF-8390-4C31-5602-5366FF329ABD}"
EndProject
Project("{FAE04EC0-301F-11D3-BF4B-00C04F79EFBC}") = "CompanyApi", "labs\lab02\step06-complete\CompanyApi\CompanyApi.csproj", "{D684F284-C0A0-AB52-5858-BF20910A7A9D}"
EndProject
Project("{2150E333-8FDC-42A3-9474-1A3956D46DE8}") = "step07-complete", "step07-complete", "{43B387A1-C883-85C1-AF98-94B8CA5517C5}"
EndProject
Project("{FAE04EC0-301F-11D3-BF4B-00C04F79EFBC}") = "CompanyApi", "labs\lab02\step07-complete\CompanyApi\CompanyApi.csproj", "{7996B298-FB9C-8FB5-6C3E-2B3580C9E9F5}"
EndProject
Project("{2150E333-8FDC-42A3-9474-1A3956D46DE8}") = "lab03", "lab03", "{B0BCBA36-F5A9-EA01-C757-81B1482E795E}"
EndProject
Project("{2150E333-8FDC-42A3-9474-1A3956D46DE8}") = "start", "start", "{C7649180-4F1B-2624-7F8F-0447FF2DC606}"
EndProject
Project("{FAE04EC0-301F-11D3-BF4B-00C04F79EFBC}") = "CompanyApi", "labs\lab03\start\CompanyApi\CompanyApi.csproj", "{0A90D669-30F4-B470-A8A8-65E9D2B8D5F6}"
EndProject
Project("{2150E333-8FDC-42A3-9474-1A3956D46DE8}") = "step01-complete", "step01-complete", "{325AF197-0349-74BD-5BFA-036385E24439}"
EndProject
Project("{FAE04EC0-301F-11D3-BF4B-00C04F79EFBC}") = "CompanyApi", "labs\lab03\step01-complete\CompanyApi\CompanyApi.csproj", "{CDF3FA1A-5BBC-0739-ECA1-21A334D87BEC}"
EndProject
Project("{2150E333-8FDC-42A3-9474-1A3956D46DE8}") = "step02-complete", "step02-complete", "{8469A33A-2837-AE0F-DE2A-3A6C68F7E528}"
EndProject
Project("{FAE04EC0-301F-11D3-BF4B-00C04F79EFBC}") = "CompanyApi", "labs\lab03\step02-complete\CompanyApi\CompanyApi.csproj", "{A34A2B08-F805-A681-AFEA-E341FC39254A}"
EndProject
Project("{2150E333-8FDC-42A3-9474-1A3956D46DE8}") = "step03-complete", "step03-complete", "{A203F2FE-36C7-91DC-E409-085236C3E895}"
EndProject
Project("{FAE04EC0-301F-11D3-BF4B-00C04F79EFBC}") = "CompanyApi", "labs\lab03\step03-complete\CompanyApi\CompanyApi.csproj", "{82838E3C-204F-7C54-D5CC-96A0A4D675B3}"
EndProject
Project("{2150E333-8FDC-42A3-9474-1A3956D46DE8}") = "step04-complete", "step04-complete", "{E83F0756-8AAB-4453-A815-5F02ADDB93BD}"
EndProject
Project("{FAE04EC0-301F-11D3-BF4B-00C04F79EFBC}") = "CompanyApi", "labs\lab03\step04-complete\CompanyApi\CompanyApi.csproj", "{D200A143-39DC-8CA7-967E-90389FF7CF05}"
EndProject
Project("{2150E333-8FDC-42A3-9474-1A3956D46DE8}") = "step05-complete", "step05-complete", "{95045C19-5DB5-8294-CA14-F43B83F16212}"
EndProject
Project("{FAE04EC0-301F-11D3-BF4B-00C04F79EFBC}") = "CompanyApi", "labs\lab03\step05-complete\CompanyApi\CompanyApi.csproj", "{8397FE0A-CE20-7D0C-92EF-1D7C683E4C5C}"
EndProject
Project("{2150E333-8FDC-42A3-9474-1A3956D46DE8}") = "step06-complete", "step06-complete", "{2D47C362-8FB1-4E5A-6ADB-0B28C412247D}"
EndProject
Project("{FAE04EC0-301F-11D3-BF4B-00C04F79EFBC}") = "CompanyApi", "labs\lab03\step06-complete\CompanyApi\CompanyApi.csproj", "{FC885012-FA8D-AAF2-DF62-ABA54515BF33}"
EndProject
Project("{2150E333-8FDC-42A3-9474-1A3956D46DE8}") = "instructor", "instructor", "{6A412B50-FCA4-76A6-9B55-32FBAACBD8AA}"
EndProject
Project("{2150E333-8FDC-42A3-9474-1A3956D46DE8}") = "demo00", "demo00", "{B83211BF-3195-0401-05E6-DD269B06669E}"
EndProject
Project("{FAE04EC0-301F-11D3-BF4B-00C04F79EFBC}") = "PieShop", "instructor\demo00\PieShop\PieShop.csproj", "{5A2CDC39-E473-4DDB-A46C-0B7E96C7AB9A}"
EndProject
Project("{2150E333-8FDC-42A3-9474-1A3956D46DE8}") = "demo01", "demo01", "{EA5FB884-E1D6-29A8-A31E-64BAD17F5BC0}"
EndProject
Project("{FAE04EC0-301F-11D3-BF4B-00C04F79EFBC}") = "PieShop", "instructor\demo01\PieShop\PieShop.csproj", "{56EE4B24-BCC5-426A-9909-CD45853326FD}"
EndProject
Project("{2150E333-8FDC-42A3-9474-1A3956D46DE8}") = "demo02", "demo02", "{71437E72-0DEC-43D7-6AF2-2C0313DEA1F5}"
EndProject
Project("{FAE04EC0-301F-11D3-BF4B-00C04F79EFBC}") = "PieShop", "instructor\demo02\PieShop\PieShop.csproj", "{F7BF6B94-708B-43A8-9B04-E749A8E34964}"
EndProject
Project("{2150E333-8FDC-42A3-9474-1A3956D46DE8}") = "demo03", "demo03", "{21361008-34EF-C4D4-3A73-4CA38BDD6354}"
EndProject
Project("{FAE04EC0-301F-11D3-BF4B-00C04F79EFBC}") = "PieShop", "instructor\demo03\PieShop\PieShop.csproj", "{8FE149FF-46D1-40E9-A815-87815831BCF6}"
EndProject
Project("{2150E333-8FDC-42A3-9474-1A3956D46DE8}") = "demo04", "demo04", "{816C63E3-008F-88BD-0448-6238AD05330E}"
EndProject
Project("{FAE04EC0-301F-11D3-BF4B-00C04F79EFBC}") = "PieShop", "instructor\demo04\PieShop\PieShop.csproj", "{E6F44491-70E0-4263-A4A4-FBA4C669F1FB}"
EndProject
Project("{2150E333-8FDC-42A3-9474-1A3956D46DE8}") = "demo05", "demo05", "{56E1E408-C9D6-4749-A6D4-8B191596BE07}"
EndProject
Project("{FAE04EC0-301F-11D3-BF4B-00C04F79EFBC}") = "PieShop", "instructor\demo05\PieShop\PieShop.csproj", "{E9516FBB-B41D-4D2A-913F-51FDFDB9FC49}"
EndProject
Project("{2150E333-8FDC-42A3-9474-1A3956D46DE8}") = "demo06", "demo06", "{945DF783-D92B-DF1F-8549-E9F3FC4C1834}"
EndProject
Project("{FAE04EC0-301F-11D3-BF4B-00C04F79EFBC}") = "PieShop", "instructor\demo06\PieShop\PieShop.csproj", "{05FE0F96-7198-4ED8-8921-BAF0468620C4}"
EndProject
Global
	GlobalSection(SolutionConfigurationPlatforms) = preSolution
		Debug|Any CPU = Debug|Any CPU
		Debug|x64 = Debug|x64
		Debug|x86 = Debug|x86
		Release|Any CPU = Release|Any CPU
		Release|x64 = Release|x64
		Release|x86 = Release|x86
	EndGlobalSection
	GlobalSection(ProjectConfigurationPlatforms) = postSolution
		{7D029EDB-D383-644D-83E4-7D03FFF1F1CC}.Debug|Any CPU.ActiveCfg = Debug|Any CPU
		{7D029EDB-D383-644D-83E4-7D03FFF1F1CC}.Debug|Any CPU.Build.0 = Debug|Any CPU
		{7D029EDB-D383-644D-83E4-7D03FFF1F1CC}.Debug|x64.ActiveCfg = Debug|Any CPU
		{7D029EDB-D383-644D-83E4-7D03FFF1F1CC}.Debug|x64.Build.0 = Debug|Any CPU
		{7D029EDB-D383-644D-83E4-7D03FFF1F1CC}.Debug|x86.ActiveCfg = Debug|Any CPU
		{7D029EDB-D383-644D-83E4-7D03FFF1F1CC}.Debug|x86.Build.0 = Debug|Any CPU
		{7D029EDB-D383-644D-83E4-7D03FFF1F1CC}.Release|Any CPU.ActiveCfg = Release|Any CPU
		{7D029EDB-D383-644D-83E4-7D03FFF1F1CC}.Release|Any CPU.Build.0 = Release|Any CPU
		{7D029EDB-D383-644D-83E4-7D03FFF1F1CC}.Release|x64.ActiveCfg = Release|Any CPU
		{7D029EDB-D383-644D-83E4-7D03FFF1F1CC}.Release|x64.Build.0 = Release|Any CPU
		{7D029EDB-D383-644D-83E4-7D03FFF1F1CC}.Release|x86.ActiveCfg = Release|Any CPU
		{7D029EDB-D383-644D-83E4-7D03FFF1F1CC}.Release|x86.Build.0 = Release|Any CPU
		{67F3E366-C7FF-4411-FFA9-6DC8A4533F53}.Debug|Any CPU.ActiveCfg = Debug|Any CPU
		{67F3E366-C7FF-4411-FFA9-6DC8A4533F53}.Debug|Any CPU.Build.0 = Debug|Any CPU
		{67F3E366-C7FF-4411-FFA9-6DC8A4533F53}.Debug|x64.ActiveCfg = Debug|Any CPU
		{67F3E366-C7FF-4411-FFA9-6DC8A4533F53}.Debug|x64.Build.0 = Debug|Any CPU
		{67F3E366-C7FF-4411-FFA9-6DC8A4533F53}.Debug|x86.ActiveCfg = Debug|Any CPU
		{67F3E366-C7FF-4411-FFA9-6DC8A4533F53}.Debug|x86.Build.0 = Debug|Any CPU
		{67F3E366-C7FF-4411-FFA9-6DC8A4533F53}.Release|Any CPU.ActiveCfg = Release|Any CPU
		{67F3E366-C7FF-4411-FFA9-6DC8A4533F53}.Release|Any CPU.Build.0 = Release|Any CPU
		{67F3E366-C7FF-4411-FFA9-6DC8A4533F53}.Release|x64.ActiveCfg = Release|Any CPU
		{67F3E366-C7FF-4411-FFA9-6DC8A4533F53}.Release|x64.Build.0 = Release|Any CPU
		{67F3E366-C7FF-4411-FFA9-6DC8A4533F53}.Release|x86.ActiveCfg = Release|Any CPU
		{67F3E366-C7FF-4411-FFA9-6DC8A4533F53}.Release|x86.Build.0 = Release|Any CPU
		{067403DD-B16D-5474-3B38-501FEC32D492}.Debug|Any CPU.ActiveCfg = Debug|Any CPU
		{067403DD-B16D-5474-3B38-501FEC32D492}.Debug|Any CPU.Build.0 = Debug|Any CPU
		{067403DD-B16D-5474-3B38-501FEC32D492}.Debug|x64.ActiveCfg = Debug|Any CPU
		{067403DD-B16D-5474-3B38-501FEC32D492}.Debug|x64.Build.0 = Debug|Any CPU
		{067403DD-B16D-5474-3B38-501FEC32D492}.Debug|x86.ActiveCfg = Debug|Any CPU
		{067403DD-B16D-5474-3B38-501FEC32D492}.Debug|x86.Build.0 = Debug|Any CPU
		{067403DD-B16D-5474-3B38-501FEC32D492}.Release|Any CPU.ActiveCfg = Release|Any CPU
		{067403DD-B16D-5474-3B38-501FEC32D492}.Release|Any CPU.Build.0 = Release|Any CPU
		{067403DD-B16D-5474-3B38-501FEC32D492}.Release|x64.ActiveCfg = Release|Any CPU
		{067403DD-B16D-5474-3B38-501FEC32D492}.Release|x64.Build.0 = Release|Any CPU
		{067403DD-B16D-5474-3B38-501FEC32D492}.Release|x86.ActiveCfg = Release|Any CPU
		{067403DD-B16D-5474-3B38-501FEC32D492}.Release|x86.Build.0 = Release|Any CPU
		{08A410D4-F359-D80D-13E1-C10CF40EAFFA}.Debug|Any CPU.ActiveCfg = Debug|Any CPU
		{08A410D4-F359-D80D-13E1-C10CF40EAFFA}.Debug|Any CPU.Build.0 = Debug|Any CPU
		{08A410D4-F359-D80D-13E1-C10CF40EAFFA}.Debug|x64.ActiveCfg = Debug|Any CPU
		{08A410D4-F359-D80D-13E1-C10CF40EAFFA}.Debug|x64.Build.0 = Debug|Any CPU
		{08A410D4-F359-D80D-13E1-C10CF40EAFFA}.Debug|x86.ActiveCfg = Debug|Any CPU
		{08A410D4-F359-D80D-13E1-C10CF40EAFFA}.Debug|x86.Build.0 = Debug|Any CPU
		{08A410D4-F359-D80D-13E1-C10CF40EAFFA}.Release|Any CPU.ActiveCfg = Release|Any CPU
		{08A410D4-F359-D80D-13E1-C10CF40EAFFA}.Release|Any CPU.Build.0 = Release|Any CPU
		{08A410D4-F359-D80D-13E1-C10CF40EAFFA}.Release|x64.ActiveCfg = Release|Any CPU
		{08A410D4-F359-D80D-13E1-C10CF40EAFFA}.Release|x64.Build.0 = Release|Any CPU
		{08A410D4-F359-D80D-13E1-C10CF40EAFFA}.Release|x86.ActiveCfg = Release|Any CPU
		{08A410D4-F359-D80D-13E1-C10CF40EAFFA}.Release|x86.Build.0 = Release|Any CPU
		{4F528B13-F7AB-6A72-C192-C31755DC3E21}.Debug|Any CPU.ActiveCfg = Debug|Any CPU
		{4F528B13-F7AB-6A72-C192-C31755DC3E21}.Debug|Any CPU.Build.0 = Debug|Any CPU
		{4F528B13-F7AB-6A72-C192-C31755DC3E21}.Debug|x64.ActiveCfg = Debug|Any CPU
		{4F528B13-F7AB-6A72-C192-C31755DC3E21}.Debug|x64.Build.0 = Debug|Any CPU
		{4F528B13-F7AB-6A72-C192-C31755DC3E21}.Debug|x86.ActiveCfg = Debug|Any CPU
		{4F528B13-F7AB-6A72-C192-C31755DC3E21}.Debug|x86.Build.0 = Debug|Any CPU
		{4F528B13-F7AB-6A72-C192-C31755DC3E21}.Release|Any CPU.ActiveCfg = Release|Any CPU
		{4F528B13-F7AB-6A72-C192-C31755DC3E21}.Release|Any CPU.Build.0 = Release|Any CPU
		{4F528B13-F7AB-6A72-C192-C31755DC3E21}.Release|x64.ActiveCfg = Release|Any CPU
		{4F528B13-F7AB-6A72-C192-C31755DC3E21}.Release|x64.Build.0 = Release|Any CPU
		{4F528B13-F7AB-6A72-C192-C31755DC3E21}.Release|x86.ActiveCfg = Release|Any CPU
		{4F528B13-F7AB-6A72-C192-C31755DC3E21}.Release|x86.Build.0 = Release|Any CPU
		{175436D1-A695-5194-B956-A6CE175BBB6B}.Debug|Any CPU.ActiveCfg = Debug|Any CPU
		{175436D1-A695-5194-B956-A6CE175BBB6B}.Debug|Any CPU.Build.0 = Debug|Any CPU
		{175436D1-A695-5194-B956-A6CE175BBB6B}.Debug|x64.ActiveCfg = Debug|Any CPU
		{175436D1-A695-5194-B956-A6CE175BBB6B}.Debug|x64.Build.0 = Debug|Any CPU
		{175436D1-A695-5194-B956-A6CE175BBB6B}.Debug|x86.ActiveCfg = Debug|Any CPU
		{175436D1-A695-5194-B956-A6CE175BBB6B}.Debug|x86.Build.0 = Debug|Any CPU
		{175436D1-A695-5194-B956-A6CE175BBB6B}.Release|Any CPU.ActiveCfg = Release|Any CPU
		{175436D1-A695-5194-B956-A6CE175BBB6B}.Release|Any CPU.Build.0 = Release|Any CPU
		{175436D1-A695-5194-B956-A6CE175BBB6B}.Release|x64.ActiveCfg = Release|Any CPU
		{175436D1-A695-5194-B956-A6CE175BBB6B}.Release|x64.Build.0 = Release|Any CPU
		{175436D1-A695-5194-B956-A6CE175BBB6B}.Release|x86.ActiveCfg = Release|Any CPU
		{175436D1-A695-5194-B956-A6CE175BBB6B}.Release|x86.Build.0 = Release|Any CPU
		{B585ABA3-CF7D-CC91-A8EA-9E7B15380C07}.Debug|Any CPU.ActiveCfg = Debug|Any CPU
		{B585ABA3-CF7D-CC91-A8EA-9E7B15380C07}.Debug|Any CPU.Build.0 = Debug|Any CPU
		{B585ABA3-CF7D-CC91-A8EA-9E7B15380C07}.Debug|x64.ActiveCfg = Debug|Any CPU
		{B585ABA3-CF7D-CC91-A8EA-9E7B15380C07}.Debug|x64.Build.0 = Debug|Any CPU
		{B585ABA3-CF7D-CC91-A8EA-9E7B15380C07}.Debug|x86.ActiveCfg = Debug|Any CPU
		{B585ABA3-CF7D-CC91-A8EA-9E7B15380C07}.Debug|x86.Build.0 = Debug|Any CPU
		{B585ABA3-CF7D-CC91-A8EA-9E7B15380C07}.Release|Any CPU.ActiveCfg = Release|Any CPU
		{B585ABA3-CF7D-CC91-A8EA-9E7B15380C07}.Release|Any CPU.Build.0 = Release|Any CPU
		{B585ABA3-CF7D-CC91-A8EA-9E7B15380C07}.Release|x64.ActiveCfg = Release|Any CPU
		{B585ABA3-CF7D-CC91-A8EA-9E7B15380C07}.Release|x64.Build.0 = Release|Any CPU
		{B585ABA3-CF7D-CC91-A8EA-9E7B15380C07}.Release|x86.ActiveCfg = Release|Any CPU
		{B585ABA3-CF7D-CC91-A8EA-9E7B15380C07}.Release|x86.Build.0 = Release|Any CPU
		{A22983C8-691D-7C4C-2DC8-1E176E4E5FF1}.Debug|Any CPU.ActiveCfg = Debug|Any CPU
		{A22983C8-691D-7C4C-2DC8-1E176E4E5FF1}.Debug|Any CPU.Build.0 = Debug|Any CPU
		{A22983C8-691D-7C4C-2DC8-1E176E4E5FF1}.Debug|x64.ActiveCfg = Debug|Any CPU
		{A22983C8-691D-7C4C-2DC8-1E176E4E5FF1}.Debug|x64.Build.0 = Debug|Any CPU
		{A22983C8-691D-7C4C-2DC8-1E176E4E5FF1}.Debug|x86.ActiveCfg = Debug|Any CPU
		{A22983C8-691D-7C4C-2DC8-1E176E4E5FF1}.Debug|x86.Build.0 = Debug|Any CPU
		{A22983C8-691D-7C4C-2DC8-1E176E4E5FF1}.Release|Any CPU.ActiveCfg = Release|Any CPU
		{A22983C8-691D-7C4C-2DC8-1E176E4E5FF1}.Release|Any CPU.Build.0 = Release|Any CPU
		{A22983C8-691D-7C4C-2DC8-1E176E4E5FF1}.Release|x64.ActiveCfg = Release|Any CPU
		{A22983C8-691D-7C4C-2DC8-1E176E4E5FF1}.Release|x64.Build.0 = Release|Any CPU
		{A22983C8-691D-7C4C-2DC8-1E176E4E5FF1}.Release|x86.ActiveCfg = Release|Any CPU
		{A22983C8-691D-7C4C-2DC8-1E176E4E5FF1}.Release|x86.Build.0 = Release|Any CPU
		{6FF13B43-7162-921D-8EE5-4FC33A209927}.Debug|Any CPU.ActiveCfg = Debug|Any CPU
		{6FF13B43-7162-921D-8EE5-4FC33A209927}.Debug|Any CPU.Build.0 = Debug|Any CPU
		{6FF13B43-7162-921D-8EE5-4FC33A209927}.Debug|x64.ActiveCfg = Debug|Any CPU
		{6FF13B43-7162-921D-8EE5-4FC33A209927}.Debug|x64.Build.0 = Debug|Any CPU
		{6FF13B43-7162-921D-8EE5-4FC33A209927}.Debug|x86.ActiveCfg = Debug|Any CPU
		{6FF13B43-7162-921D-8EE5-4FC33A209927}.Debug|x86.Build.0 = Debug|Any CPU
		{6FF13B43-7162-921D-8EE5-4FC33A209927}.Release|Any CPU.ActiveCfg = Release|Any CPU
		{6FF13B43-7162-921D-8EE5-4FC33A209927}.Release|Any CPU.Build.0 = Release|Any CPU
		{6FF13B43-7162-921D-8EE5-4FC33A209927}.Release|x64.ActiveCfg = Release|Any CPU
		{6FF13B43-7162-921D-8EE5-4FC33A209927}.Release|x64.Build.0 = Release|Any CPU
		{6FF13B43-7162-921D-8EE5-4FC33A209927}.Release|x86.ActiveCfg = Release|Any CPU
		{6FF13B43-7162-921D-8EE5-4FC33A209927}.Release|x86.Build.0 = Release|Any CPU
		{7264E73C-54DB-A908-97B4-FF09E32E37A5}.Debug|Any CPU.ActiveCfg = Debug|Any CPU
		{7264E73C-54DB-A908-97B4-FF09E32E37A5}.Debug|Any CPU.Build.0 = Debug|Any CPU
		{7264E73C-54DB-A908-97B4-FF09E32E37A5}.Debug|x64.ActiveCfg = Debug|Any CPU
		{7264E73C-54DB-A908-97B4-FF09E32E37A5}.Debug|x64.Build.0 = Debug|Any CPU
		{7264E73C-54DB-A908-97B4-FF09E32E37A5}.Debug|x86.ActiveCfg = Debug|Any CPU
		{7264E73C-54DB-A908-97B4-FF09E32E37A5}.Debug|x86.Build.0 = Debug|Any CPU
		{7264E73C-54DB-A908-97B4-FF09E32E37A5}.Release|Any CPU.ActiveCfg = Release|Any CPU
		{7264E73C-54DB-A908-97B4-FF09E32E37A5}.Release|Any CPU.Build.0 = Release|Any CPU
		{7264E73C-54DB-A908-97B4-FF09E32E37A5}.Release|x64.ActiveCfg = Release|Any CPU
		{7264E73C-54DB-A908-97B4-FF09E32E37A5}.Release|x64.Build.0 = Release|Any CPU
		{7264E73C-54DB-A908-97B4-FF09E32E37A5}.Release|x86.ActiveCfg = Release|Any CPU
		{7264E73C-54DB-A908-97B4-FF09E32E37A5}.Release|x86.Build.0 = Release|Any CPU
		{1B39E1AC-1DC2-12AF-F22B-44FDB6DACEF7}.Debug|Any CPU.ActiveCfg = Debug|Any CPU
		{1B39E1AC-1DC2-12AF-F22B-44FDB6DACEF7}.Debug|Any CPU.Build.0 = Debug|Any CPU
		{1B39E1AC-1DC2-12AF-F22B-44FDB6DACEF7}.Debug|x64.ActiveCfg = Debug|Any CPU
		{1B39E1AC-1DC2-12AF-F22B-44FDB6DACEF7}.Debug|x64.Build.0 = Debug|Any CPU
		{1B39E1AC-1DC2-12AF-F22B-44FDB6DACEF7}.Debug|x86.ActiveCfg = Debug|Any CPU
		{1B39E1AC-1DC2-12AF-F22B-44FDB6DACEF7}.Debug|x86.Build.0 = Debug|Any CPU
		{1B39E1AC-1DC2-12AF-F22B-44FDB6DACEF7}.Release|Any CPU.ActiveCfg = Release|Any CPU
		{1B39E1AC-1DC2-12AF-F22B-44FDB6DACEF7}.Release|Any CPU.Build.0 = Release|Any CPU
		{1B39E1AC-1DC2-12AF-F22B-44FDB6DACEF7}.Release|x64.ActiveCfg = Release|Any CPU
		{1B39E1AC-1DC2-12AF-F22B-44FDB6DACEF7}.Release|x64.Build.0 = Release|Any CPU
		{1B39E1AC-1DC2-12AF-F22B-44FDB6DACEF7}.Release|x86.ActiveCfg = Release|Any CPU
		{1B39E1AC-1DC2-12AF-F22B-44FDB6DACEF7}.Release|x86.Build.0 = Release|Any CPU
		{D684F284-C0A0-AB52-5858-BF20910A7A9D}.Debug|Any CPU.ActiveCfg = Debug|Any CPU
		{D684F284-C0A0-AB52-5858-BF20910A7A9D}.Debug|Any CPU.Build.0 = Debug|Any CPU
		{D684F284-C0A0-AB52-5858-BF20910A7A9D}.Debug|x64.ActiveCfg = Debug|Any CPU
		{D684F284-C0A0-AB52-5858-BF20910A7A9D}.Debug|x64.Build.0 = Debug|Any CPU
		{D684F284-C0A0-AB52-5858-BF20910A7A9D}.Debug|x86.ActiveCfg = Debug|Any CPU
		{D684F284-C0A0-AB52-5858-BF20910A7A9D}.Debug|x86.Build.0 = Debug|Any CPU
		{D684F284-C0A0-AB52-5858-BF20910A7A9D}.Release|Any CPU.ActiveCfg = Release|Any CPU
		{D684F284-C0A0-AB52-5858-BF20910A7A9D}.Release|Any CPU.Build.0 = Release|Any CPU
		{D684F284-C0A0-AB52-5858-BF20910A7A9D}.Release|x64.ActiveCfg = Release|Any CPU
		{D684F284-C0A0-AB52-5858-BF20910A7A9D}.Release|x64.Build.0 = Release|Any CPU
		{D684F284-C0A0-AB52-5858-BF20910A7A9D}.Release|x86.ActiveCfg = Release|Any CPU
		{D684F284-C0A0-AB52-5858-BF20910A7A9D}.Release|x86.Build.0 = Release|Any CPU
		{7996B298-FB9C-8FB5-6C3E-2B3580C9E9F5}.Debug|Any CPU.ActiveCfg = Debug|Any CPU
		{7996B298-FB9C-8FB5-6C3E-2B3580C9E9F5}.Debug|Any CPU.Build.0 = Debug|Any CPU
		{7996B298-FB9C-8FB5-6C3E-2B3580C9E9F5}.Debug|x64.ActiveCfg = Debug|Any CPU
		{7996B298-FB9C-8FB5-6C3E-2B3580C9E9F5}.Debug|x64.Build.0 = Debug|Any CPU
		{7996B298-FB9C-8FB5-6C3E-2B3580C9E9F5}.Debug|x86.ActiveCfg = Debug|Any CPU
		{7996B298-FB9C-8FB5-6C3E-2B3580C9E9F5}.Debug|x86.Build.0 = Debug|Any CPU
		{7996B298-FB9C-8FB5-6C3E-2B3580C9E9F5}.Release|Any CPU.ActiveCfg = Release|Any CPU
		{7996B298-FB9C-8FB5-6C3E-2B3580C9E9F5}.Release|Any CPU.Build.0 = Release|Any CPU
		{7996B298-FB9C-8FB5-6C3E-2B3580C9E9F5}.Release|x64.ActiveCfg = Release|Any CPU
		{7996B298-FB9C-8FB5-6C3E-2B3580C9E9F5}.Release|x64.Build.0 = Release|Any CPU
		{7996B298-FB9C-8FB5-6C3E-2B3580C9E9F5}.Release|x86.ActiveCfg = Release|Any CPU
		{7996B298-FB9C-8FB5-6C3E-2B3580C9E9F5}.Release|x86.Build.0 = Release|Any CPU
		{0A90D669-30F4-B470-A8A8-65E9D2B8D5F6}.Debug|Any CPU.ActiveCfg = Debug|Any CPU
		{0A90D669-30F4-B470-A8A8-65E9D2B8D5F6}.Debug|Any CPU.Build.0 = Debug|Any CPU
		{0A90D669-30F4-B470-A8A8-65E9D2B8D5F6}.Debug|x64.ActiveCfg = Debug|Any CPU
		{0A90D669-30F4-B470-A8A8-65E9D2B8D5F6}.Debug|x64.Build.0 = Debug|Any CPU
		{0A90D669-30F4-B470-A8A8-65E9D2B8D5F6}.Debug|x86.ActiveCfg = Debug|Any CPU
		{0A90D669-30F4-B470-A8A8-65E9D2B8D5F6}.Debug|x86.Build.0 = Debug|Any CPU
		{0A90D669-30F4-B470-A8A8-65E9D2B8D5F6}.Release|Any CPU.ActiveCfg = Release|Any CPU
		{0A90D669-30F4-B470-A8A8-65E9D2B8D5F6}.Release|Any CPU.Build.0 = Release|Any CPU
		{0A90D669-30F4-B470-A8A8-65E9D2B8D5F6}.Release|x64.ActiveCfg = Release|Any CPU
		{0A90D669-30F4-B470-A8A8-65E9D2B8D5F6}.Release|x64.Build.0 = Release|Any CPU
		{0A90D669-30F4-B470-A8A8-65E9D2B8D5F6}.Release|x86.ActiveCfg = Release|Any CPU
		{0A90D669-30F4-B470-A8A8-65E9D2B8D5F6}.Release|x86.Build.0 = Release|Any CPU
		{CDF3FA1A-5BBC-0739-ECA1-21A334D87BEC}.Debug|Any CPU.ActiveCfg = Debug|Any CPU
		{CDF3FA1A-5BBC-0739-ECA1-21A334D87BEC}.Debug|Any CPU.Build.0 = Debug|Any CPU
		{CDF3FA1A-5BBC-0739-ECA1-21A334D87BEC}.Debug|x64.ActiveCfg = Debug|Any CPU
		{CDF3FA1A-5BBC-0739-ECA1-21A334D87BEC}.Debug|x64.Build.0 = Debug|Any CPU
		{CDF3FA1A-5BBC-0739-ECA1-21A334D87BEC}.Debug|x86.ActiveCfg = Debug|Any CPU
		{CDF3FA1A-5BBC-0739-ECA1-21A334D87BEC}.Debug|x86.Build.0 = Debug|Any CPU
		{CDF3FA1A-5BBC-0739-ECA1-21A334D87BEC}.Release|Any CPU.ActiveCfg = Release|Any CPU
		{CDF3FA1A-5BBC-0739-ECA1-21A334D87BEC}.Release|Any CPU.Build.0 = Release|Any CPU
		{CDF3FA1A-5BBC-0739-ECA1-21A334D87BEC}.Release|x64.ActiveCfg = Release|Any CPU
		{CDF3FA1A-5BBC-0739-ECA1-21A334D87BEC}.Release|x64.Build.0 = Release|Any CPU
		{CDF3FA1A-5BBC-0739-ECA1-21A334D87BEC}.Release|x86.ActiveCfg = Release|Any CPU
		{CDF3FA1A-5BBC-0739-ECA1-21A334D87BEC}.Release|x86.Build.0 = Release|Any CPU
		{A34A2B08-F805-A681-AFEA-E341FC39254A}.Debug|Any CPU.ActiveCfg = Debug|Any CPU
		{A34A2B08-F805-A681-AFEA-E341FC39254A}.Debug|Any CPU.Build.0 = Debug|Any CPU
		{A34A2B08-F805-A681-AFEA-E341FC39254A}.Debug|x64.ActiveCfg = Debug|Any CPU
		{A34A2B08-F805-A681-AFEA-E341FC39254A}.Debug|x64.Build.0 = Debug|Any CPU
		{A34A2B08-F805-A681-AFEA-E341FC39254A}.Debug|x86.ActiveCfg = Debug|Any CPU
		{A34A2B08-F805-A681-AFEA-E341FC39254A}.Debug|x86.Build.0 = Debug|Any CPU
		{A34A2B08-F805-A681-AFEA-E341FC39254A}.Release|Any CPU.ActiveCfg = Release|Any CPU
		{A34A2B08-F805-A681-AFEA-E341FC39254A}.Release|Any CPU.Build.0 = Release|Any CPU
		{A34A2B08-F805-A681-AFEA-E341FC39254A}.Release|x64.ActiveCfg = Release|Any CPU
		{A34A2B08-F805-A681-AFEA-E341FC39254A}.Release|x64.Build.0 = Release|Any CPU
		{A34A2B08-F805-A681-AFEA-E341FC39254A}.Release|x86.ActiveCfg = Release|Any CPU
		{A34A2B08-F805-A681-AFEA-E341FC39254A}.Release|x86.Build.0 = Release|Any CPU
		{82838E3C-204F-7C54-D5CC-96A0A4D675B3}.Debug|Any CPU.ActiveCfg = Debug|Any CPU
		{82838E3C-204F-7C54-D5CC-96A0A4D675B3}.Debug|Any CPU.Build.0 = Debug|Any CPU
		{82838E3C-204F-7C54-D5CC-96A0A4D675B3}.Debug|x64.ActiveCfg = Debug|Any CPU
		{82838E3C-204F-7C54-D5CC-96A0A4D675B3}.Debug|x64.Build.0 = Debug|Any CPU
		{82838E3C-204F-7C54-D5CC-96A0A4D675B3}.Debug|x86.ActiveCfg = Debug|Any CPU
		{82838E3C-204F-7C54-D5CC-96A0A4D675B3}.Debug|x86.Build.0 = Debug|Any CPU
		{82838E3C-204F-7C54-D5CC-96A0A4D675B3}.Release|Any CPU.ActiveCfg = Release|Any CPU
		{82838E3C-204F-7C54-D5CC-96A0A4D675B3}.Release|Any CPU.Build.0 = Release|Any CPU
		{82838E3C-204F-7C54-D5CC-96A0A4D675B3}.Release|x64.ActiveCfg = Release|Any CPU
		{82838E3C-204F-7C54-D5CC-96A0A4D675B3}.Release|x64.Build.0 = Release|Any CPU
		{82838E3C-204F-7C54-D5CC-96A0A4D675B3}.Release|x86.ActiveCfg = Release|Any CPU
		{82838E3C-204F-7C54-D5CC-96A0A4D675B3}.Release|x86.Build.0 = Release|Any CPU
		{D200A143-39DC-8CA7-967E-90389FF7CF05}.Debug|Any CPU.ActiveCfg = Debug|Any CPU
		{D200A143-39DC-8CA7-967E-90389FF7CF05}.Debug|Any CPU.Build.0 = Debug|Any CPU
		{D200A143-39DC-8CA7-967E-90389FF7CF05}.Debug|x64.ActiveCfg = Debug|Any CPU
		{D200A143-39DC-8CA7-967E-90389FF7CF05}.Debug|x64.Build.0 = Debug|Any CPU
		{D200A143-39DC-8CA7-967E-90389FF7CF05}.Debug|x86.ActiveCfg = Debug|Any CPU
		{D200A143-39DC-8CA7-967E-90389FF7CF05}.Debug|x86.Build.0 = Debug|Any CPU
		{D200A143-39DC-8CA7-967E-90389FF7CF05}.Release|Any CPU.ActiveCfg = Release|Any CPU
		{D200A143-39DC-8CA7-967E-90389FF7CF05}.Release|Any CPU.Build.0 = Release|Any CPU
		{D200A143-39DC-8CA7-967E-90389FF7CF05}.Release|x64.ActiveCfg = Release|Any CPU
		{D200A143-39DC-8CA7-967E-90389FF7CF05}.Release|x64.Build.0 = Release|Any CPU
		{D200A143-39DC-8CA7-967E-90389FF7CF05}.Release|x86.ActiveCfg = Release|Any CPU
		{D200A143-39DC-8CA7-967E-90389FF7CF05}.Release|x86.Build.0 = Release|Any CPU
		{8397FE0A-CE20-7D0C-92EF-1D7C683E4C5C}.Debug|Any CPU.ActiveCfg = Debug|Any CPU
		{8397FE0A-CE20-7D0C-92EF-1D7C683E4C5C}.Debug|Any CPU.Build.0 = Debug|Any CPU
		{8397FE0A-CE20-7D0C-92EF-1D7C683E4C5C}.Debug|x64.ActiveCfg = Debug|Any CPU
		{8397FE0A-CE20-7D0C-92EF-1D7C683E4C5C}.Debug|x64.Build.0 = Debug|Any CPU
		{8397FE0A-CE20-7D0C-92EF-1D7C683E4C5C}.Debug|x86.ActiveCfg = Debug|Any CPU
		{8397FE0A-CE20-7D0C-92EF-1D7C683E4C5C}.Debug|x86.Build.0 = Debug|Any CPU
		{8397FE0A-CE20-7D0C-92EF-1D7C683E4C5C}.Release|Any CPU.ActiveCfg = Release|Any CPU
		{8397FE0A-CE20-7D0C-92EF-1D7C683E4C5C}.Release|Any CPU.Build.0 = Release|Any CPU
		{8397FE0A-CE20-7D0C-92EF-1D7C683E4C5C}.Release|x64.ActiveCfg = Release|Any CPU
		{8397FE0A-CE20-7D0C-92EF-1D7C683E4C5C}.Release|x64.Build.0 = Release|Any CPU
		{8397FE0A-CE20-7D0C-92EF-1D7C683E4C5C}.Release|x86.ActiveCfg = Release|Any CPU
		{8397FE0A-CE20-7D0C-92EF-1D7C683E4C5C}.Release|x86.Build.0 = Release|Any CPU
		{FC885012-FA8D-AAF2-DF62-ABA54515BF33}.Debug|Any CPU.ActiveCfg = Debug|Any CPU
		{FC885012-FA8D-AAF2-DF62-ABA54515BF33}.Debug|Any CPU.Build.0 = Debug|Any CPU
		{FC885012-FA8D-AAF2-DF62-ABA54515BF33}.Debug|x64.ActiveCfg = Debug|Any CPU
		{FC885012-FA8D-AAF2-DF62-ABA54515BF33}.Debug|x64.Build.0 = Debug|Any CPU
		{FC885012-FA8D-AAF2-DF62-ABA54515BF33}.Debug|x86.ActiveCfg = Debug|Any CPU
		{FC885012-FA8D-AAF2-DF62-ABA54515BF33}.Debug|x86.Build.0 = Debug|Any CPU
		{FC885012-FA8D-AAF2-DF62-ABA54515BF33}.Release|Any CPU.ActiveCfg = Release|Any CPU
		{FC885012-FA8D-AAF2-DF62-ABA54515BF33}.Release|Any CPU.Build.0 = Release|Any CPU
		{FC885012-FA8D-AAF2-DF62-ABA54515BF33}.Release|x64.ActiveCfg = Release|Any CPU
		{FC885012-FA8D-AAF2-DF62-ABA54515BF33}.Release|x64.Build.0 = Release|Any CPU
		{FC885012-FA8D-AAF2-DF62-ABA54515BF33}.Release|x86.ActiveCfg = Release|Any CPU
		{FC885012-FA8D-AAF2-DF62-ABA54515BF33}.Release|x86.Build.0 = Release|Any CPU
		{5A2CDC39-E473-4DDB-A46C-0B7E96C7AB9A}.Debug|Any CPU.ActiveCfg = Debug|Any CPU
		{5A2CDC39-E473-4DDB-A46C-0B7E96C7AB9A}.Debug|Any CPU.Build.0 = Debug|Any CPU
		{5A2CDC39-E473-4DDB-A46C-0B7E96C7AB9A}.Debug|x64.ActiveCfg = Debug|Any CPU
		{5A2CDC39-E473-4DDB-A46C-0B7E96C7AB9A}.Debug|x64.Build.0 = Debug|Any CPU
		{5A2CDC39-E473-4DDB-A46C-0B7E96C7AB9A}.Debug|x86.ActiveCfg = Debug|Any CPU
		{5A2CDC39-E473-4DDB-A46C-0B7E96C7AB9A}.Debug|x86.Build.0 = Debug|Any CPU
		{5A2CDC39-E473-4DDB-A46C-0B7E96C7AB9A}.Release|Any CPU.ActiveCfg = Release|Any CPU
		{5A2CDC39-E473-4DDB-A46C-0B7E96C7AB9A}.Release|Any CPU.Build.0 = Release|Any CPU
		{5A2CDC39-E473-4DDB-A46C-0B7E96C7AB9A}.Release|x64.ActiveCfg = Release|Any CPU
		{5A2CDC39-E473-4DDB-A46C-0B7E96C7AB9A}.Release|x64.Build.0 = Release|Any CPU
		{5A2CDC39-E473-4DDB-A46C-0B7E96C7AB9A}.Release|x86.ActiveCfg = Release|Any CPU
		{5A2CDC39-E473-4DDB-A46C-0B7E96C7AB9A}.Release|x86.Build.0 = Release|Any CPU
		{56EE4B24-BCC5-426A-9909-CD45853326FD}.Debug|Any CPU.ActiveCfg = Debug|Any CPU
		{56EE4B24-BCC5-426A-9909-CD45853326FD}.Debug|Any CPU.Build.0 = Debug|Any CPU
		{56EE4B24-BCC5-426A-9909-CD45853326FD}.Debug|x64.ActiveCfg = Debug|Any CPU
		{56EE4B24-BCC5-426A-9909-CD45853326FD}.Debug|x64.Build.0 = Debug|Any CPU
		{56EE4B24-BCC5-426A-9909-CD45853326FD}.Debug|x86.ActiveCfg = Debug|Any CPU
		{56EE4B24-BCC5-426A-9909-CD45853326FD}.Debug|x86.Build.0 = Debug|Any CPU
		{56EE4B24-BCC5-426A-9909-CD45853326FD}.Release|Any CPU.ActiveCfg = Release|Any CPU
		{56EE4B24-BCC5-426A-9909-CD45853326FD}.Release|Any CPU.Build.0 = Release|Any CPU
		{56EE4B24-BCC5-426A-9909-CD45853326FD}.Release|x64.ActiveCfg = Release|Any CPU
		{56EE4B24-BCC5-426A-9909-CD45853326FD}.Release|x64.Build.0 = Release|Any CPU
		{56EE4B24-BCC5-426A-9909-CD45853326FD}.Release|x86.ActiveCfg = Release|Any CPU
		{56EE4B24-BCC5-426A-9909-CD45853326FD}.Release|x86.Build.0 = Release|Any CPU
		{F7BF6B94-708B-43A8-9B04-E749A8E34964}.Debug|Any CPU.ActiveCfg = Debug|Any CPU
		{F7BF6B94-708B-43A8-9B04-E749A8E34964}.Debug|Any CPU.Build.0 = Debug|Any CPU
		{F7BF6B94-708B-43A8-9B04-E749A8E34964}.Debug|x64.ActiveCfg = Debug|Any CPU
		{F7BF6B94-708B-43A8-9B04-E749A8E34964}.Debug|x64.Build.0 = Debug|Any CPU
		{F7BF6B94-708B-43A8-9B04-E749A8E34964}.Debug|x86.ActiveCfg = Debug|Any CPU
		{F7BF6B94-708B-43A8-9B04-E749A8E34964}.Debug|x86.Build.0 = Debug|Any CPU
		{F7BF6B94-708B-43A8-9B04-E749A8E34964}.Release|Any CPU.ActiveCfg = Release|Any CPU
		{F7BF6B94-708B-43A8-9B04-E749A8E34964}.Release|Any CPU.Build.0 = Release|Any CPU
		{F7BF6B94-708B-43A8-9B04-E749A8E34964}.Release|x64.ActiveCfg = Release|Any CPU
		{F7BF6B94-708B-43A8-9B04-E749A8E34964}.Release|x64.Build.0 = Release|Any CPU
		{F7BF6B94-708B-43A8-9B04-E749A8E34964}.Release|x86.ActiveCfg = Release|Any CPU
		{F7BF6B94-708B-43A8-9B04-E749A8E34964}.Release|x86.Build.0 = Release|Any CPU
		{8FE149FF-46D1-40E9-A815-87815831BCF6}.Debug|Any CPU.ActiveCfg = Debug|Any CPU
		{8FE149FF-46D1-40E9-A815-87815831BCF6}.Debug|Any CPU.Build.0 = Debug|Any CPU
		{8FE149FF-46D1-40E9-A815-87815831BCF6}.Debug|x64.ActiveCfg = Debug|Any CPU
		{8FE149FF-46D1-40E9-A815-87815831BCF6}.Debug|x64.Build.0 = Debug|Any CPU
		{8FE149FF-46D1-40E9-A815-87815831BCF6}.Debug|x86.ActiveCfg = Debug|Any CPU
		{8FE149FF-46D1-40E9-A815-87815831BCF6}.Debug|x86.Build.0 = Debug|Any CPU
		{8FE149FF-46D1-40E9-A815-87815831BCF6}.Release|Any CPU.ActiveCfg = Release|Any CPU
		{8FE149FF-46D1-40E9-A815-87815831BCF6}.Release|Any CPU.Build.0 = Release|Any CPU
		{8FE149FF-46D1-40E9-A815-87815831BCF6}.Release|x64.ActiveCfg = Release|Any CPU
		{8FE149FF-46D1-40E9-A815-87815831BCF6}.Release|x64.Build.0 = Release|Any CPU
		{8FE149FF-46D1-40E9-A815-87815831BCF6}.Release|x86.ActiveCfg = Release|Any CPU
		{8FE149FF-46D1-40E9-A815-87815831BCF6}.Release|x86.Build.0 = Release|Any CPU
		{E6F44491-70E0-4263-A4A4-FBA4C669F1FB}.Debug|Any CPU.ActiveCfg = Debug|Any CPU
		{E6F44491-70E0-4263-A4A4-FBA4C669F1FB}.Debug|Any CPU.Build.0 = Debug|Any CPU
		{E6F44491-70E0-4263-A4A4-FBA4C669F1FB}.Debug|x64.ActiveCfg = Debug|Any CPU
		{E6F44491-70E0-4263-A4A4-FBA4C669F1FB}.Debug|x64.Build.0 = Debug|Any CPU
		{E6F44491-70E0-4263-A4A4-FBA4C669F1FB}.Debug|x86.ActiveCfg = Debug|Any CPU
		{E6F44491-70E0-4263-A4A4-FBA4C669F1FB}.Debug|x86.Build.0 = Debug|Any CPU
		{E6F44491-70E0-4263-A4A4-FBA4C669F1FB}.Release|Any CPU.ActiveCfg = Release|Any CPU
		{E6F44491-70E0-4263-A4A4-FBA4C669F1FB}.Release|Any CPU.Build.0 = Release|Any CPU
		{E6F44491-70E0-4263-A4A4-FBA4C669F1FB}.Release|x64.ActiveCfg = Release|Any CPU
		{E6F44491-70E0-4263-A4A4-FBA4C669F1FB}.Release|x64.Build.0 = Release|Any CPU
		{E6F44491-70E0-4263-A4A4-FBA4C669F1FB}.Release|x86.ActiveCfg = Release|Any CPU
		{E6F44491-70E0-4263-A4A4-FBA4C669F1FB}.Release|x86.Build.0 = Release|Any CPU
		{E9516FBB-B41D-4D2A-913F-51FDFDB9FC49}.Debug|Any CPU.ActiveCfg = Debug|Any CPU
		{E9516FBB-B41D-4D2A-913F-51FDFDB9FC49}.Debug|Any CPU.Build.0 = Debug|Any CPU
		{E9516FBB-B41D-4D2A-913F-51FDFDB9FC49}.Debug|x64.ActiveCfg = Debug|Any CPU
		{E9516FBB-B41D-4D2A-913F-51FDFDB9FC49}.Debug|x64.Build.0 = Debug|Any CPU
		{E9516FBB-B41D-4D2A-913F-51FDFDB9FC49}.Debug|x86.ActiveCfg = Debug|Any CPU
		{E9516FBB-B41D-4D2A-913F-51FDFDB9FC49}.Debug|x86.Build.0 = Debug|Any CPU
		{E9516FBB-B41D-4D2A-913F-51FDFDB9FC49}.Release|Any CPU.ActiveCfg = Release|Any CPU
		{E9516FBB-B41D-4D2A-913F-51FDFDB9FC49}.Release|Any CPU.Build.0 = Release|Any CPU
		{E9516FBB-B41D-4D2A-913F-51FDFDB9FC49}.Release|x64.ActiveCfg = Release|Any CPU
		{E9516FBB-B41D-4D2A-913F-51FDFDB9FC49}.Release|x64.Build.0 = Release|Any CPU
		{E9516FBB-B41D-4D2A-913F-51FDFDB9FC49}.Release|x86.ActiveCfg = Release|Any CPU
		{E9516FBB-B41D-4D2A-913F-51FDFDB9FC49}.Release|x86.Build.0 = Release|Any CPU
		{05FE0F96-7198-4ED8-8921-BAF0468620C4}.Debug|Any CPU.ActiveCfg = Debug|Any CPU
		{05FE0F96-7198-4ED8-8921-BAF0468620C4}.Debug|Any CPU.Build.0 = Debug|Any CPU
		{05FE0F96-7198-4ED8-8921-BAF0468620C4}.Debug|x64.ActiveCfg = Debug|Any CPU
		{05FE0F96-7198-4ED8-8921-BAF0468620C4}.Debug|x64.Build.0 = Debug|Any CPU
		{05FE0F96-7198-4ED8-8921-BAF0468620C4}.Debug|x86.ActiveCfg = Debug|Any CPU
		{05FE0F96-7198-4ED8-8921-BAF0468620C4}.Debug|x86.Build.0 = Debug|Any CPU
		{05FE0F96-7198-4ED8-8921-BAF0468620C4}.Release|Any CPU.ActiveCfg = Release|Any CPU
		{05FE0F96-7198-4ED8-8921-BAF0468620C4}.Release|Any CPU.Build.0 = Release|Any CPU
		{05FE0F96-7198-4ED8-8921-BAF0468620C4}.Release|x64.ActiveCfg = Release|Any CPU
		{05FE0F96-7198-4ED8-8921-BAF0468620C4}.Release|x64.Build.0 = Release|Any CPU
		{05FE0F96-7198-4ED8-8921-BAF0468620C4}.Release|x86.ActiveCfg = Release|Any CPU
		{05FE0F96-7198-4ED8-8921-BAF0468620C4}.Release|x86.Build.0 = Release|Any CPU
	EndGlobalSection
	GlobalSection(SolutionProperties) = preSolution
		HideSolutionNode = FALSE
	EndGlobalSection
	GlobalSection(NestedProjects) = preSolution
		{BEBC1BA8-D9F1-2B8E-B54D-A19055B3D222} = {908A2AE8-7277-8D33-5900-B70622523C2F}
		{98EF7F16-940E-33DF-3E5D-A070C799CE45} = {BEBC1BA8-D9F1-2B8E-B54D-A19055B3D222}
		{7D029EDB-D383-644D-83E4-7D03FFF1F1CC} = {98EF7F16-940E-33DF-3E5D-A070C799CE45}
		{DB1C8CEF-E939-CAF9-5334-D7716AF1105A} = {BEBC1BA8-D9F1-2B8E-B54D-A19055B3D222}
		{67F3E366-C7FF-4411-FFA9-6DC8A4533F53} = {DB1C8CEF-E939-CAF9-5334-D7716AF1105A}
		{8B80898E-D10F-03C4-EF96-811716E7276D} = {BEBC1BA8-D9F1-2B8E-B54D-A19055B3D222}
		{067403DD-B16D-5474-3B38-501FEC32D492} = {8B80898E-D10F-03C4-EF96-811716E7276D}
		{E2780F8E-A4B3-2211-64F6-2F92064A2F8E} = {BEBC1BA8-D9F1-2B8E-B54D-A19055B3D222}
		{08A410D4-F359-D80D-13E1-C10CF40EAFFA} = {E2780F8E-A4B3-2211-64F6-2F92064A2F8E}
		{8EFD59B7-3300-8CF2-A9C3-9020633666E7} = {BEBC1BA8-D9F1-2B8E-B54D-A19055B3D222}
		{4F528B13-F7AB-6A72-C192-C31755DC3E21} = {8EFD59B7-3300-8CF2-A9C3-9020633666E7}
		{66646FAD-78DA-4483-B069-C6B8A77B1D25} = {908A2AE8-7277-8D33-5900-B70622523C2F}
		{A2DBCBD5-F9C3-B35F-569D-F050756354A5} = {66646FAD-78DA-4483-B069-C6B8A77B1D25}
		{175436D1-A695-5194-B956-A6CE175BBB6B} = {A2DBCBD5-F9C3-B35F-569D-F050756354A5}
		{200536F1-8137-C55F-CE2D-77CE850A9BD9} = {66646FAD-78DA-4483-B069-C6B8A77B1D25}
		{B585ABA3-CF7D-CC91-A8EA-9E7B15380C07} = {200536F1-8137-C55F-CE2D-77CE850A9BD9}
		{5DACF7DE-C827-2E2D-69E4-93B56878DA17} = {66646FAD-78DA-4483-B069-C6B8A77B1D25}
		{A22983C8-691D-7C4C-2DC8-1E176E4E5FF1} = {5DACF7DE-C827-2E2D-69E4-93B56878DA17}
		{A7E5DBE4-1CE3-E4A3-86E8-19BEEDDEB05C} = {66646FAD-78DA-4483-B069-C6B8A77B1D25}
		{6FF13B43-7162-921D-8EE5-4FC33A209927} = {A7E5DBE4-1CE3-E4A3-86E8-19BEEDDEB05C}
		{936BD26A-4F85-55A3-D6CE-CA8F246A2B0A} = {66646FAD-78DA-4483-B069-C6B8A77B1D25}
		{7264E73C-54DB-A908-97B4-FF09E32E37A5} = {936BD26A-4F85-55A3-D6CE-CA8F246A2B0A}
		{959BE730-1905-CB00-1BAC-E446929E867F} = {66646FAD-78DA-4483-B069-C6B8A77B1D25}
		{1B39E1AC-1DC2-12AF-F22B-44FDB6DACEF7} = {959BE730-1905-CB00-1BAC-E446929E867F}
		{400AA5DF-8390-4C31-5602-5366FF329ABD} = {66646FAD-78DA-4483-B069-C6B8A77B1D25}
		{D684F284-C0A0-AB52-5858-BF20910A7A9D} = {400AA5DF-8390-4C31-5602-5366FF329ABD}
		{43B387A1-C883-85C1-AF98-94B8CA5517C5} = {66646FAD-78DA-4483-B069-C6B8A77B1D25}
		{7996B298-FB9C-8FB5-6C3E-2B3580C9E9F5} = {43B387A1-C883-85C1-AF98-94B8CA5517C5}
		{B0BCBA36-F5A9-EA01-C757-81B1482E795E} = {908A2AE8-7277-8D33-5900-B70622523C2F}
		{C7649180-4F1B-2624-7F8F-0447FF2DC606} = {B0BCBA36-F5A9-EA01-C757-81B1482E795E}
		{0A90D669-30F4-B470-A8A8-65E9D2B8D5F6} = {C7649180-4F1B-2624-7F8F-0447FF2DC606}
		{325AF197-0349-74BD-5BFA-036385E24439} = {B0BCBA36-F5A9-EA01-C757-81B1482E795E}
		{CDF3FA1A-5BBC-0739-ECA1-21A334D87BEC} = {325AF197-0349-74BD-5BFA-036385E24439}
		{8469A33A-2837-AE0F-DE2A-3A6C68F7E528} = {B0BCBA36-F5A9-EA01-C757-81B1482E795E}
		{A34A2B08-F805-A681-AFEA-E341FC39254A} = {8469A33A-2837-AE0F-DE2A-3A6C68F7E528}
		{A203F2FE-36C7-91DC-E409-085236C3E895} = {B0BCBA36-F5A9-EA01-C757-81B1482E795E}
		{82838E3C-204F-7C54-D5CC-96A0A4D675B3} = {A203F2FE-36C7-91DC-E409-085236C3E895}
		{E83F0756-8AAB-4453-A815-5F02ADDB93BD} = {B0BCBA36-F5A9-EA01-C757-81B1482E795E}
		{D200A143-39DC-8CA7-967E-90389FF7CF05} = {E83F0756-8AAB-4453-A815-5F02ADDB93BD}
		{95045C19-5DB5-8294-CA14-F43B83F16212} = {B0BCBA36-F5A9-EA01-C757-81B1482E795E}
		{8397FE0A-CE20-7D0C-92EF-1D7C683E4C5C} = {95045C19-5DB5-8294-CA14-F43B83F16212}
		{2D47C362-8FB1-4E5A-6ADB-0B28C412247D} = {B0BCBA36-F5A9-EA01-C757-81B1482E795E}
		{FC885012-FA8D-AAF2-DF62-ABA54515BF33} = {2D47C362-8FB1-4E5A-6ADB-0B28C412247D}
		{B83211BF-3195-0401-05E6-DD269B06669E} = {6A412B50-FCA4-76A6-9B55-32FBAACBD8AA}
		{5A2CDC39-E473-4DDB-A46C-0B7E96C7AB9A} = {B83211BF-3195-0401-05E6-DD269B06669E}
		{EA5FB884-E1D6-29A8-A31E-64BAD17F5BC0} = {6A412B50-FCA4-76A6-9B55-32FBAACBD8AA}
		{56EE4B24-BCC5-426A-9909-CD45853326FD} = {EA5FB884-E1D6-29A8-A31E-64BAD17F5BC0}
		{71437E72-0DEC-43D7-6AF2-2C0313DEA1F5} = {6A412B50-FCA4-76A6-9B55-32FBAACBD8AA}
		{F7BF6B94-708B-43A8-9B04-E749A8E34964} = {71437E72-0DEC-43D7-6AF2-2C0313DEA1F5}
		{21361008-34EF-C4D4-3A73-4CA38BDD6354} = {6A412B50-FCA4-76A6-9B55-32FBAACBD8AA}
		{8FE149FF-46D1-40E9-A815-87815831BCF6} = {21361008-34EF-C4D4-3A73-4CA38BDD6354}
		{816C63E3-008F-88BD-0448-6238AD05330E} = {6A412B50-FCA4-76A6-9B55-32FBAACBD8AA}
		{E6F44491-70E0-4263-A4A4-FBA4C669F1FB} = {816C63E3-008F-88BD-0448-6238AD05330E}
		{56E1E408-C9D6-4749-A6D4-8B191596BE07} = {6A412B50-FCA4-76A6-9B55-32FBAACBD8AA}
		{E9516FBB-B41D-4D2A-913F-51FDFDB9FC49} = {56E1E408-C9D6-4749-A6D4-8B191596BE07}
		{945DF783-D92B-DF1F-8549-E9F3FC4C1834} = {6A412B50-FCA4-76A6-9B55-32FBAACBD8AA}
		{05FE0F96-7198-4ED8-8921-BAF0468620C4} = {945DF783-D92B-DF1F-8549-E9F3FC4C1834}
	EndGlobalSection
	GlobalSection(ExtensibilityGlobals) = postSolution
		SolutionGuid = {8C4E38D6-9833-44B1-894D-A4DDF447110B}
	EndGlobalSection
EndGlobal
